
Microsoft Visual Studio Solution File, Format Version 12.00
# Visual Studio Version 17
VisualStudioVersion = 17.0.31919.166
MinimumVisualStudioVersion = 10.0.40219.1
Project("{FAE04EC0-301F-11D3-BF4B-00C04F79EFBC}") = "Casino", "Casino\Casino.csproj", "{00CE99B5-9C24-41A0-8C27-15FF2BBC7F73}"
EndProject
Project("{FAE04EC0-301F-11D3-BF4B-00C04F79EFBC}") = "CasinoTest", "CasinoTest\CasinoTest.csproj", "{AFE206EE-6672-4814-AE56-B28C3AD2722A}"
	ProjectSection(ProjectDependencies) = postProject
		{00CE99B5-9C24-41A0-8C27-15FF2BBC7F73} = {00CE99B5-9C24-41A0-8C27-15FF2BBC7F73}
	EndProjectSection
EndProject
Global
	GlobalSection(SolutionConfigurationPlatforms) = preSolution
		Debug|Any CPU = Debug|Any CPU
		Release|Any CPU = Release|Any CPU
	EndGlobalSection
	GlobalSection(ProjectConfigurationPlatforms) = postSolution
		{00CE99B5-9C24-41A0-8C27-15FF2BBC7F73}.Debug|Any CPU.ActiveCfg = Debug|Any CPU
		{00CE99B5-9C24-41A0-8C27-15FF2BBC7F73}.Debug|Any CPU.Build.0 = Debug|Any CPU
		{00CE99B5-9C24-41A0-8C27-15FF2BBC7F73}.Release|Any CPU.ActiveCfg = Release|Any CPU
		{00CE99B5-9C24-41A0-8C27-15FF2BBC7F73}.Release|Any CPU.Build.0 = Release|Any CPU
		{AFE206EE-6672-4814-AE56-B28C3AD2722A}.Debug|Any CPU.ActiveCfg = Debug|Any CPU
		{AFE206EE-6672-4814-AE56-B28C3AD2722A}.Debug|Any CPU.Build.0 = Debug|Any CPU
		{AFE206EE-6672-4814-AE56-B28C3AD2722A}.Release|Any CPU.ActiveCfg = Release|Any CPU
		{AFE206EE-6672-4814-AE56-B28C3AD2722A}.Release|Any CPU.Build.0 = Release|Any CPU
	EndGlobalSection
	GlobalSection(SolutionProperties) = preSolution
		HideSolutionNode = FALSE
	EndGlobalSection
	GlobalSection(ExtensibilityGlobals) = postSolution
		SolutionGuid = {B1381A1B-0B44-46A4-9749-115E1BF79241}
	EndGlobalSection
EndGlobal
